<?xml version="1.0" encoding="UTF-8" standalone="yes" ?>
<CodeBlocks_project_file>
	<FileVersion major="1" minor="6" />
	<Project>
		<Option title="MenuProyecto" />
		<Option pch_mode="2" />
		<Option compiler="gcc" />
		<Build>
			<Target title="Debug">
				<Option output="bin/Debug/MenuProyecto" prefix_auto="1" extension_auto="1" />
				<Option object_output="obj/Debug/" />
				<Option type="1" />
				<Option compiler="gcc" />
				<Compiler>
					<Add option="-g" />
				</Compiler>
			</Target>
			<Target title="Release">
				<Option output="bin/Release/MenuProyecto" prefix_auto="1" extension_auto="1" />
				<Option object_output="obj/Release/" />
				<Option type="1" />
				<Option compiler="gcc" />
				<Compiler>
					<Add option="-O2" />
				</Compiler>
				<Linker>
					<Add option="-s" />
				</Linker>
			</Target>
		</Build>
		<Compiler>
			<Add option="-Wall" />
			<Add option="-fexceptions" />
		</Compiler>
		<Unit filename="ArchivosClientes.cpp" />
		<Unit filename="ArchivosClientes.h" />
		<Unit filename="ArchivosCompania.cpp" />
		<Unit filename="ArchivosCompania.h" />
		<Unit filename="ArchivosPoliza.cpp" />
		<Unit filename="ArchivosPoliza.h" />
		<Unit filename="ArchivosSiniestro.cpp" />
		<Unit filename="ArchivosSiniestro.h" />
		<Unit filename="ArchivosVehiculos.cpp" />
		<Unit filename="ArchivosVehiculos.h" />
		<Unit filename="Cliente.cpp" />
		<Unit filename="Cliente.h" />
		<Unit filename="Compania.cpp" />
		<Unit filename="Compania.h" />
		<Unit filename="Fecha.cpp" />
		<Unit filename="Fecha.h" />
		<Unit filename="Menu.cpp" />
		<Unit filename="Menu.h" />
		<Unit filename="Poliza.cpp" />
		<Unit filename="Poliza.h" />
		<Unit filename="main.cpp" />
		<Unit filename="siniestro.cpp" />
		<Unit filename="siniestro.h" />
		<Unit filename="vehiculo.cpp" />
		<Unit filename="vehiculo.h" />
		<Extensions>
			<lib_finder disable_auto="1" />
		</Extensions>
	</Project>
</CodeBlocks_project_file>
